
Microsoft Visual Studio Solution File, Format Version 12.00
# Visual Studio Version 17
VisualStudioVersion = 17.9.34728.123
MinimumVisualStudioVersion = 10.0.40219.1
Project("{9A19103F-16F7-4668-BE54-9A1E7A4F7556}") = "WebApp", "WebApp.csproj", "{414D14AD-4AC3-4B64-B50F-EF4EBD3345B7}"
EndProject
Global
	GlobalSection(SolutionConfigurationPlatforms) = preSolution
		Debug|Any CPU = Debug|Any CPU
		Release|Any CPU = Release|Any CPU
	EndGlobalSection
	GlobalSection(ProjectConfigurationPlatforms) = postSolution
		{414D14AD-4AC3-4B64-B50F-EF4EBD3345B7}.Debug|Any CPU.ActiveCfg = Debug|Any CPU
		{414D14AD-4AC3-4B64-B50F-EF4EBD3345B7}.Debug|Any CPU.Build.0 = Debug|Any CPU
		{414D14AD-4AC3-4B64-B50F-EF4EBD3345B7}.Release|Any CPU.ActiveCfg = Release|Any CPU
		{414D14AD-4AC3-4B64-B50F-EF4EBD3345B7}.Release|Any CPU.Build.0 = Release|Any CPU
	EndGlobalSection
	GlobalSection(SolutionProperties) = preSolution
		HideSolutionNode = FALSE
	EndGlobalSection
	GlobalSection(ExtensibilityGlobals) = postSolution
		SolutionGuid = {07626977-44A4-497B-B6D8-167E360A785F}
	EndGlobalSection
EndGlobal
